// !$*UTF8*$!
{
	archiveVersion = 1;
	classes = {
	};
	objectVersion = 50;
	objects = {

/* Begin PBXBuildFile section */
		C838689523B4647D0008771F /* AppDelegate.m in Sources */ = {isa = PBXBuildFile; fileRef = C838689423B4647D0008771F /* AppDelegate.m */; };
		C838689823B4647D0008771F /* SceneDelegate.m in Sources */ = {isa = PBXBuildFile; fileRef = C838689723B4647D0008771F /* SceneDelegate.m */; };
		C838689B23B4647D0008771F /* ViewController.m in Sources */ = {isa = PBXBuildFile; fileRef = C838689A23B4647D0008771F /* ViewController.m */; };
		C838689E23B4647D0008771F /* Main.storyboard in Resources */ = {isa = PBXBuildFile; fileRef = C838689C23B4647D0008771F /* Main.storyboard */; };
		C83868A023B4647D0008771F /* Assets.xcassets in Resources */ = {isa = PBXBuildFile; fileRef = C838689F23B4647D0008771F /* Assets.xcassets */; };
		C83868A323B4647D0008771F /* LaunchScreen.storyboard in Resources */ = {isa = PBXBuildFile; fileRef = C83868A123B4647D0008771F /* LaunchScreen.storyboard */; };
		C83868A623B4647D0008771F /* main.m in Sources */ = {isa = PBXBuildFile; fileRef = C83868A523B4647D0008771F /* main.m */; };
/* End PBXBuildFile section */

/* Begin PBXFileReference section */
		C838689023B4647C0008771F /* lxnOCFramework.app */ = {isa = PBXFileReference; explicitFileType = wrapper.application; includeInIndex = 0; path = lxnOCFramework.app; sourceTree = BUILT_PRODUCTS_DIR; };
		C838689323B4647D0008771F /* AppDelegate.h */ = {isa = PBXFileReference; lastKnownFileType = sourcecode.c.h; path = AppDelegate.h; sourceTree = "<group>"; };
		C838689423B4647D0008771F /* AppDelegate.m */ = {isa = PBXFileReference; lastKnownFileType = sourcecode.c.objc; path = AppDelegate.m; sourceTree = "<group>"; };
		C838689623B4647D0008771F /* SceneDelegate.h */ = {isa = PBXFileReference; lastKnownFileType = sourcecode.c.h; path = SceneDelegate.h; sourceTree = "<group>"; };
		C838689723B4647D0008771F /* SceneDelegate.m */ = {isa = PBXFileReference; lastKnownFileType = sourcecode.c.objc; path = SceneDelegate.m; sourceTree = "<group>"; };
		C838689923B4647D0008771F /* ViewController.h */ = {isa = PBXFileReference; lastKnownFileType = sourcecode.c.h; path = ViewController.h; sourceTree = "<group>"; };
		C838689A23B4647D0008771F /* ViewController.m */ = {isa = PBXFileReference; lastKnownFileType = sourcecode.c.objc; path = ViewController.m; sourceTree = "<group>"; };
		C838689D23B4647D0008771F /* Base */ = {isa = PBXFileReference; lastKnownFileType = file.storyboard; name = Base; path = Base.lproj/Main.storyboard; sourceTree = "<group>"; };
		C838689F23B4647D0008771F /* Assets.xcassets */ = {isa = PBXFileReference; lastKnownFileType = folder.assetcatalog; path = Assets.xcassets; sourceTree = "<group>"; };
		C83868A223B4647D0008771F /* Base */ = {isa = PBXFileReference; lastKnownFileType = file.storyboard; name = Base; path = Base.lproj/LaunchScreen.storyboard; sourceTree = "<group>"; };
		C83868A423B4647D0008771F /* Info.plist */ = {isa = PBXFileReference; lastKnownFileType = text.plist.xml; path = Info.plist; sourceTree = "<group>"; };
		C83868A523B4647D0008771F /* main.m */ = {isa = PBXFileReference; lastKnownFileType = sourcecode.c.objc; path = main.m; sourceTree = "<group>"; };
/* End PBXFileReference section */

/* Begin PBXFrameworksBuildPhase section */
		C838688D23B4647C0008771F /* Frameworks */ = {
			isa = PBXFrameworksBuildPhase;
			buildActionMask = 2147483647;
			files = (
			);
			runOnlyForDeploymentPostprocessing = 0;
		};
/* End PBXFrameworksBuildPhase section */

/* Begin PBXGroup section */
		C838688723B4647C0008771F = {
			isa = PBXGroup;
			children = (
				C838689223B4647C0008771F /* lxnOCFramework */,
				C838689123B4647C0008771F /* Products */,
			);
			sourceTree = "<group>";
		};
		C838689123B4647C0008771F /* Products */ = {
			isa = PBXGroup;
			children = (
				C838689023B4647C0008771F /* lxnOCFramework.app */,
			);
			name = Products;
			sourceTree = "<group>";
		};
		C838689223B4647C0008771F /* lxnOCFramework */ = {
			isa = PBXGroup;
			children = (
				C838689323B4647D0008771F /* AppDelegate.h */,
				C838689423B4647D0008771F /* AppDelegate.m */,
				C838689623B4647D0008771F /* SceneDelegate.h */,
				C838689723B4647D0008771F /* SceneDelegate.m */,
				C838689923B4647D0008771F /* ViewController.h */,
				C838689A23B4647D0008771F /* ViewController.m */,
				C838689C23B4647D0008771F /* Main.storyboard */,
				C838689F23B4647D0008771F /* Assets.xcassets */,
				C83868A123B4647D0008771F /* LaunchScreen.storyboard */,
				C83868A423B4647D0008771F /* Info.plist */,
				C83868A523B4647D0008771F /* main.m */,
			);
			path = lxnOCFramework;
			sourceTree = "<group>";
		};
/* End PBXGroup section */

/* Begin PBXNativeTarget section */
		C838688F23B4647C0008771F /* lxnOCFramework */ = {
			isa = PBXNativeTarget;
			buildConfigurationList = C83868A923B4647D0008771F /* Build configuration list for PBXNativeTarget "lxnOCFramework" */;
			buildPhases = (
				C838688C23B4647C0008771F /* Sources */,
				C838688D23B4647C0008771F /* Frameworks */,
				C838688E23B4647C0008771F /* Resources */,
			);
			buildRules = (
			);
			dependencies = (
			);
			name = lxnOCFramework;
			productName = lxnOCFramework;
			productReference = C838689023B4647C0008771F /* lxnOCFramework.app */;
			productType = "com.apple.product-type.application";
		};
/* End PBXNativeTarget section */

/* Begin PBXProject section */
		C838688823B4647C0008771F /* Project object */ = {
			isa = PBXProject;
			attributes = {
				LastUpgradeCheck = 1130;
				ORGANIZATIONNAME = lxn;
				TargetAttributes = {
					C838688F23B4647C0008771F = {
						CreatedOnToolsVersion = 11.3;
					};
				};
			};
			buildConfigurationList = C838688B23B4647C0008771F /* Build configuration list for PBXProject "lxnOCFramework" */;
			compatibilityVersion = "Xcode 9.3";
			developmentRegion = en;
			hasScannedForEncodings = 0;
			knownRegions = (
				en,
				Base,
			);
			mainGroup = C838688723B4647C0008771F;
			productRefGroup = C838689123B4647C0008771F /* Products */;
			projectDirPath = "";
			projectRoot = "";
			targets = (
				C838688F23B4647C0008771F /* lxnOCFramework */,
			);
		};
/* End PBXProject section */

/* Begin PBXResourcesBuildPhase section */
		C838688E23B4647C0008771F /* Resources */ = {
			isa = PBXResourcesBuildPhase;
			buildActionMask = 2147483647;
			files = (
				C83868A323B4647D0008771F /* LaunchScreen.storyboard in Resources */,
				C83868A023B4647D0008771F /* Assets.xcassets in Resources */,
				C838689E23B4647D0008771F /* Main.storyboard in Resources */,
			);
			runOnlyForDeploymentPostprocessing = 0;
		};
/* End PBXResourcesBuildPhase section */

/* Begin PBXSourcesBuildPhase section */
		C838688C23B4647C0008771F /* Sources */ = {
			isa = PBXSourcesBuildPhase;
			buildActionMask = 2147483647;
			files = (
				C838689B23B4647D0008771F /* ViewController.m in Sources */,
				C838689523B4647D0008771F /* AppDelegate.m in Sources */,
				C83868A623B4647D0008771F /* main.m in Sources */,
				C838689823B4647D0008771F /* SceneDelegate.m in Sources */,
			);
			runOnlyForDeploymentPostprocessing = 0;
		};
/* End PBXSourcesBuildPhase section */

/* Begin PBXVariantGroup section */
		C838689C23B4647D0008771F /* Main.storyboard */ = {
			isa = PBXVariantGroup;
			children = (
				C838689D23B4647D0008771F /* Base */,
			);
			name = Main.storyboard;
			sourceTree = "<group>";
		};
		C83868A123B4647D0008771F /* LaunchScreen.storyboard */ = {
			isa = PBXVariantGroup;
			children = (
				C83868A223B4647D0008771F /* Base */,
			);
			name = LaunchScreen.storyboard;
			sourceTree = "<group>";
		};
/* End PBXVariantGroup section */

/* Begin XCBuildConfiguration section */
		C83868A723B4647D0008771F /* Debug */ = {
			isa = XCBuildConfiguration;
			buildSettings = {
				ALWAYS_SEARCH_USER_PATHS = NO;
				CLANG_ANALYZER_NONNULL = YES;
				CLANG_ANALYZER_NUMBER_OBJECT_CONVERSION = YES_AGGRESSIVE;
				CLANG_CXX_LANGUAGE_STANDARD = "gnu++14";
				CLANG_CXX_LIBRARY = "libc++";
				CLANG_ENABLE_MODULES = YES;
				CLANG_ENABLE_OBJC_ARC = YES;
				CLANG_ENABLE_OBJC_WEAK = YES;
				CLANG_WARN_BLOCK_CAPTURE_AUTORELEASING = YES;
				CLANG_WARN_BOOL_CONVERSION = YES;
				CLANG_WARN_COMMA = YES;
				CLANG_WARN_CONSTANT_CONVERSION = YES;
				CLANG_WARN_DEPRECATED_OBJC_IMPLEMENTATIONS = YES;
				CLANG_WARN_DIRECT_OBJC_ISA_USAGE = YES_ERROR;
				CLANG_WARN_DOCUMENTATION_COMMENTS = YES;
				CLANG_WARN_EMPTY_BODY = YES;
				CLANG_WARN_ENUM_CONVERSION = YES;
				CLANG_WARN_INFINITE_RECURSION = YES;
				CLANG_WARN_INT_CONVERSION = YES;
				CLANG_WARN_NON_LITERAL_NULL_CONVERSION = YES;
				CLANG_WARN_OBJC_IMPLICIT_RETAIN_SELF = YES;
				CLANG_WARN_OBJC_LITERAL_CONVERSION = YES;
				CLANG_WARN_OBJC_ROOT_CLASS = YES_ERROR;
				CLANG_WARN_RANGE_LOOP_ANALYSIS = YES;
				CLANG_WARN_STRICT_PROTOTYPES = YES;
				CLANG_WARN_SUSPICIOUS_MOVE = YES;
				CLANG_WARN_UNGUARDED_AVAILABILITY = YES_AGGRESSIVE;
				CLANG_WARN_UNREACHABLE_CODE = YES;
				CLANG_WARN__DUPLICATE_METHOD_MATCH = YES;
				COPY_PHASE_STRIP = NO;
				DEBUG_INFORMATION_FORMAT = dwarf;
				ENABLE_STRICT_OBJC_MSGSEND = YES;
				ENABLE_TESTABILITY = YES;
				GCC_C_LANGUAGE_STANDARD = gnu11;
				GCC_DYNAMIC_NO_PIC = NO;
				GCC_NO_COMMON_BLOCKS = YES;
				GCC_OPTIMIZATION_LEVEL = 0;
				GCC_PREPROCESSOR_DEFINITIONS = (
					"DEBUG=1",
					"$(inherited)",
				);
				GCC_WARN_64_TO_32_BIT_CONVERSION = YES;
				GCC_WARN_ABOUT_RETURN_TYPE = YES_ERROR;
				GCC_WARN_UNDECLARED_SELECTOR = YES;
				GCC_WARN_UNINITIALIZED_AUTOS = YES_AGGRESSIVE;
				GCC_WARN_UNUSED_FUNCTION = YES;
				GCC_WARN_UNUSED_VARIABLE = YES;
				IPHONEOS_DEPLOYMENT_TARGET = 9.0;
				MTL_ENABLE_DEBUG_INFO = INCLUDE_SOURCE;
				MTL_FAST_MATH = YES;
				ONLY_ACTIVE_ARCH = YES;
				SDKROOT = iphoneos;
			};
			name = Debug;
		};
		C83868A823B4647D0008771F /* Release */ = {
			isa = XCBuildConfiguration;
			buildSettings = {
				ALWAYS_SEARCH_USER_PATHS = NO;
				CLANG_ANALYZER_NONNULL = YES;
				CLANG_ANALYZER_NUMBER_OBJECT_CONVERSION = YES_AGGRESSIVE;
				CLANG_CXX_LANGUAGE_STANDARD = "gnu++14";
				CLANG_CXX_LIBRARY = "libc++";
				CLANG_ENABLE_MODULES = YES;
				CLANG_ENABLE_OBJC_ARC = YES;
				CLANG_ENABLE_OBJC_WEAK = YES;
				CLANG_WARN_BLOCK_CAPTURE_AUTORELEASING = YES;
				CLANG_WARN_BOOL_CONVERSION = YES;
				CLANG_WARN_COMMA = YES;
				CLANG_WARN_CONSTANT_CONVERSION = YES;
				CLANG_WARN_DEPRECATED_OBJC_IMPLEMENTATIONS = YES;
				CLANG_WARN_DIRECT_OBJC_ISA_USAGE = YES_ERROR;
				CLANG_WARN_DOCUMENTATION_COMMENTS = YES;
				CLANG_WARN_EMPTY_BODY = YES;
				CLANG_WARN_ENUM_CONVERSION = YES;
				CLANG_WARN_INFINITE_RECURSION = YES;
				CLANG_WARN_INT_CONVERSION = YES;
				CLANG_WARN_NON_LITERAL_NULL_CONVERSION = YES;
				CLANG_WARN_OBJC_IMPLICIT_RETAIN_SELF = YES;
				CLANG_WARN_OBJC_LITERAL_CONVERSION = YES;
				CLANG_WARN_OBJC_ROOT_CLASS = YES_ERROR;
				CLANG_WARN_RANGE_LOOP_ANALYSIS = YES;
				CLANG_WARN_STRICT_PROTOTYPES = YES;
				CLANG_WARN_SUSPICIOUS_MOVE = YES;
				CLANG_WARN_UNGUARDED_AVAILABILITY = YES_AGGRESSIVE;
				CLANG_WARN_UNREACHABLE_CODE = YES;
				CLANG_WARN__DUPLICATE_METHOD_MATCH = YES;
				COPY_PHASE_STRIP = NO;
				DEBUG_INFORMATION_FORMAT = "dwarf-with-dsym";
				ENABLE_NS_ASSERTIONS = NO;
				ENABLE_STRICT_OBJC_MSGSEND = YES;
				GCC_C_LANGUAGE_STANDARD = gnu11;
				GCC_NO_COMMON_BLOCKS = YES;
				GCC_WARN_64_TO_32_BIT_CONVERSION = YES;
				GCC_WARN_ABOUT_RETURN_TYPE = YES_ERROR;
				GCC_WARN_UNDECLARED_SELECTOR = YES;
				GCC_WARN_UNINITIALIZED_AUTOS = YES_AGGRESSIVE;
				GCC_WARN_UNUSED_FUNCTION = YES;
				GCC_WARN_UNUSED_VARIABLE = YES;
				IPHONEOS_DEPLOYMENT_TARGET = 9.0;
				MTL_ENABLE_DEBUG_INFO = NO;
				MTL_FAST_MATH = YES;
				SDKROOT = iphoneos;
				VALIDATE_PRODUCT = YES;
			};
			name = Release;
		};
		C83868AA23B4647D0008771F /* Debug */ = {
			isa = XCBuildConfiguration;
			buildSettings = {
				ASSETCATALOG_COMPILER_APPICON_NAME = AppIcon;
				CODE_SIGN_STYLE = Automatic;
				INFOPLIST_FILE = lxnOCFramework/Info.plist;
				LD_RUNPATH_SEARCH_PATHS = (
					"$(inherited)",
					"@executable_path/Frameworks",
				);
				PRODUCT_BUNDLE_IDENTIFIER = com.lxn.ocframework.lxnOCFramework;
				PRODUCT_NAME = "$(TARGET_NAME)";
				TARGETED_DEVICE_FAMILY = "1,2";
			};
			name = Debug;
		};
		C83868AB23B4647D0008771F /* Release */ = {
			isa = XCBuildConfiguration;
			buildSettings = {
				ASSETCATALOG_COMPILER_APPICON_NAME = AppIcon;
				CODE_SIGN_STYLE = Automatic;
				INFOPLIST_FILE = lxnOCFramework/Info.plist;
				LD_RUNPATH_SEARCH_PATHS = (
					"$(inherited)",
					"@executable_path/Frameworks",
				);
				PRODUCT_BUNDLE_IDENTIFIER = com.lxn.ocframework.lxnOCFramework;
				PRODUCT_NAME = "$(TARGET_NAME)";
				TARGETED_DEVICE_FAMILY = "1,2";
			};
			name = Release;
		};
/* End XCBuildConfiguration section */

/* Begin XCConfigurationList section */
		C838688B23B4647C0008771F /* Build configuration list for PBXProject "lxnOCFramework" */ = {
			isa = XCConfigurationList;
			buildConfigurations = (
				C83868A723B4647D0008771F /* Debug */,
				C83868A823B4647D0008771F /* Release */,
			);
			defaultConfigurationIsVisible = 0;
			defaultConfigurationName = Release;
		};
		C83868A923B4647D0008771F /* Build configuration list for PBXNativeTarget "lxnOCFramework" */ = {
			isa = XCConfigurationList;
			buildConfigurations = (
				C83868AA23B4647D0008771F /* Debug */,
				C83868AB23B4647D0008771F /* Release */,
			);
			defaultConfigurationIsVisible = 0;
			defaultConfigurationName = Release;
		};
/* End XCConfigurationList section */
	};
	rootObject = C838688823B4647C0008771F /* Project object */;
}
